
Microsoft Visual Studio Solution File, Format Version 12.00
# Visual Studio Version 17
VisualStudioVersion = 17.10.35027.167
MinimumVisualStudioVersion = 10.0.40219.1
Project("{9A19103F-16F7-4668-BE54-9A1E7A4F7556}") = "PomodoroTimer.Core", "PomodoroTimer.Core\PomodoroTimer.Core.csproj", "{57CB0F5B-DDCB-47FC-9AB7-4846F2F6C9E0}"
EndProject
Project("{9A19103F-16F7-4668-BE54-9A1E7A4F7556}") = "PomodoroTimer.Models", "PomodoroTimer.Models\PomodoroTimer.Models.csproj", "{411C8F35-E7E8-4FD6-8FD2-AA190B72AEFD}"
EndProject
Project("{9A19103F-16F7-4668-BE54-9A1E7A4F7556}") = "PomodoroTimer.Interfaces", "..\PomodoroTimer.Interfaces\PomodoroTimer.Interfaces.csproj", "{5558AC4F-172F-429A-9055-79A6EA7C1712}"
EndProject
Project("{9A19103F-16F7-4668-BE54-9A1E7A4F7556}") = "PomodoroTimer.UI", "PomodoroTimer.UI\PomodoroTimer.UI.csproj", "{8CFDFF0F-36D3-456C-8A42-8E9B5AACFFA4}"
EndProject
Global
	GlobalSection(SolutionConfigurationPlatforms) = preSolution
		Debug|Any CPU = Debug|Any CPU
		Release|Any CPU = Release|Any CPU
	EndGlobalSection
	GlobalSection(ProjectConfigurationPlatforms) = postSolution
		{57CB0F5B-DDCB-47FC-9AB7-4846F2F6C9E0}.Debug|Any CPU.ActiveCfg = Debug|Any CPU
		{57CB0F5B-DDCB-47FC-9AB7-4846F2F6C9E0}.Debug|Any CPU.Build.0 = Debug|Any CPU
		{57CB0F5B-DDCB-47FC-9AB7-4846F2F6C9E0}.Release|Any CPU.ActiveCfg = Release|Any CPU
		{57CB0F5B-DDCB-47FC-9AB7-4846F2F6C9E0}.Release|Any CPU.Build.0 = Release|Any CPU
		{411C8F35-E7E8-4FD6-8FD2-AA190B72AEFD}.Debug|Any CPU.ActiveCfg = Debug|Any CPU
		{411C8F35-E7E8-4FD6-8FD2-AA190B72AEFD}.Debug|Any CPU.Build.0 = Debug|Any CPU
		{411C8F35-E7E8-4FD6-8FD2-AA190B72AEFD}.Release|Any CPU.ActiveCfg = Release|Any CPU
		{411C8F35-E7E8-4FD6-8FD2-AA190B72AEFD}.Release|Any CPU.Build.0 = Release|Any CPU
		{5558AC4F-172F-429A-9055-79A6EA7C1712}.Debug|Any CPU.ActiveCfg = Debug|Any CPU
		{5558AC4F-172F-429A-9055-79A6EA7C1712}.Debug|Any CPU.Build.0 = Debug|Any CPU
		{5558AC4F-172F-429A-9055-79A6EA7C1712}.Release|Any CPU.ActiveCfg = Release|Any CPU
		{5558AC4F-172F-429A-9055-79A6EA7C1712}.Release|Any CPU.Build.0 = Release|Any CPU
		{8CFDFF0F-36D3-456C-8A42-8E9B5AACFFA4}.Debug|Any CPU.ActiveCfg = Debug|Any CPU
		{8CFDFF0F-36D3-456C-8A42-8E9B5AACFFA4}.Debug|Any CPU.Build.0 = Debug|Any CPU
		{8CFDFF0F-36D3-456C-8A42-8E9B5AACFFA4}.Release|Any CPU.ActiveCfg = Release|Any CPU
		{8CFDFF0F-36D3-456C-8A42-8E9B5AACFFA4}.Release|Any CPU.Build.0 = Release|Any CPU
	EndGlobalSection
	GlobalSection(SolutionProperties) = preSolution
		HideSolutionNode = FALSE
	EndGlobalSection
	GlobalSection(ExtensibilityGlobals) = postSolution
		SolutionGuid = {E417BAA5-1BFB-431F-BF3D-8E759B877070}
	EndGlobalSection
EndGlobal
